
Microsoft Visual Studio Solution File, Format Version 12.00
# Visual Studio Version 17
VisualStudioVersion = 17.9.34616.47
MinimumVisualStudioVersion = 10.0.40219.1
Project("{FAE04EC0-301F-11D3-BF4B-00C04F79EFBC}") = "Bildspel", "Bildspel\Bildspel.csproj", "{9519C27A-5667-4C82-967B-3C5593F034BF}"
EndProject
Global
	GlobalSection(SolutionConfigurationPlatforms) = preSolution
		Debug|Any CPU = Debug|Any CPU
		Release|Any CPU = Release|Any CPU
	EndGlobalSection
	GlobalSection(ProjectConfigurationPlatforms) = postSolution
		{9519C27A-5667-4C82-967B-3C5593F034BF}.Debug|Any CPU.ActiveCfg = Debug|Any CPU
		{9519C27A-5667-4C82-967B-3C5593F034BF}.Debug|Any CPU.Build.0 = Debug|Any CPU
		{9519C27A-5667-4C82-967B-3C5593F034BF}.Release|Any CPU.ActiveCfg = Release|Any CPU
		{9519C27A-5667-4C82-967B-3C5593F034BF}.Release|Any CPU.Build.0 = Release|Any CPU
	EndGlobalSection
	GlobalSection(SolutionProperties) = preSolution
		HideSolutionNode = FALSE
	EndGlobalSection
	GlobalSection(ExtensibilityGlobals) = postSolution
		SolutionGuid = {CD2EAAA6-D303-4909-A4B5-629FF4B10E41}
	EndGlobalSection
EndGlobal
